// !$*UTF8*$!
{
	archiveVersion = 1;
	classes = {
	};
	objectVersion = 51;
	objects = {

/* Begin PBXBuildFile section */
		6C2ADCB800E1AE75866D916C /* Pods_WLCompoentViewDemo.framework in Frameworks */ = {isa = PBXBuildFile; fileRef = B8333551BD8B5800005F1DF7 /* Pods_WLCompoentViewDemo.framework */; };
		6CADA5982265E191000A88ED /* AppDelegate.swift in Sources */ = {isa = PBXBuildFile; fileRef = 6CADA5972265E191000A88ED /* AppDelegate.swift */; };
		6CADA59A2265E191000A88ED /* ViewController.swift in Sources */ = {isa = PBXBuildFile; fileRef = 6CADA5992265E191000A88ED /* ViewController.swift */; };
		6CADA59D2265E191000A88ED /* Main.storyboard in Resources */ = {isa = PBXBuildFile; fileRef = 6CADA59B2265E191000A88ED /* Main.storyboard */; };
		6CADA59F2265E192000A88ED /* Assets.xcassets in Resources */ = {isa = PBXBuildFile; fileRef = 6CADA59E2265E192000A88ED /* Assets.xcassets */; };
		6CADA5A22265E193000A88ED /* LaunchScreen.storyboard in Resources */ = {isa = PBXBuildFile; fileRef = 6CADA5A02265E193000A88ED /* LaunchScreen.storyboard */; };
		6CADA5AD2265E193000A88ED /* WLCompoentViewDemoTests.swift in Sources */ = {isa = PBXBuildFile; fileRef = 6CADA5AC2265E193000A88ED /* WLCompoentViewDemoTests.swift */; };
		6CADA5B82265E193000A88ED /* WLCompoentViewDemoUITests.swift in Sources */ = {isa = PBXBuildFile; fileRef = 6CADA5B72265E193000A88ED /* WLCompoentViewDemoUITests.swift */; };
		6CADA5D32265E1DD000A88ED /* WLDatePicker.swift in Sources */ = {isa = PBXBuildFile; fileRef = 6CADA5C82265E1DD000A88ED /* WLDatePicker.swift */; };
		6CADA5D42265E1DD000A88ED /* WLLeftTitleTextField.swift in Sources */ = {isa = PBXBuildFile; fileRef = 6CADA5CC2265E1DD000A88ED /* WLLeftTitleTextField.swift */; };
		6CADA5D52265E1DD000A88ED /* WLLeftImageTextField.swift in Sources */ = {isa = PBXBuildFile; fileRef = 6CADA5CE2265E1DD000A88ED /* WLLeftImageTextField.swift */; };
		6CADA5D62265E1DD000A88ED /* UITextField+WL.swift in Sources */ = {isa = PBXBuildFile; fileRef = 6CADA5D02265E1DD000A88ED /* UITextField+WL.swift */; };
		6CADA5D72265E1DD000A88ED /* WLBaseTextField.swift in Sources */ = {isa = PBXBuildFile; fileRef = 6CADA5D22265E1DD000A88ED /* WLBaseTextField.swift */; };
		6CADA5DB2265E61C000A88ED /* WLPasswordTextFiled.swift in Sources */ = {isa = PBXBuildFile; fileRef = 6CADA5DA2265E61C000A88ED /* WLPasswordTextFiled.swift */; };
		6CADA5DD2265E745000A88ED /* WLVCodeTextField.swift in Sources */ = {isa = PBXBuildFile; fileRef = 6CADA5DC2265E745000A88ED /* WLVCodeTextField.swift */; };
/* End PBXBuildFile section */

/* Begin PBXContainerItemProxy section */
		6CADA5A92265E193000A88ED /* PBXContainerItemProxy */ = {
			isa = PBXContainerItemProxy;
			containerPortal = 6CADA58C2265E191000A88ED /* Project object */;
			proxyType = 1;
			remoteGlobalIDString = 6CADA5932265E191000A88ED;
			remoteInfo = WLCompoentViewDemo;
		};
		6CADA5B42265E193000A88ED /* PBXContainerItemProxy */ = {
			isa = PBXContainerItemProxy;
			containerPortal = 6CADA58C2265E191000A88ED /* Project object */;
			proxyType = 1;
			remoteGlobalIDString = 6CADA5932265E191000A88ED;
			remoteInfo = WLCompoentViewDemo;
		};
/* End PBXContainerItemProxy section */

/* Begin PBXFileReference section */
		09328814CD0108C33C754A31 /* Pods_WLCompoentViewDemoUITests.framework */ = {isa = PBXFileReference; explicitFileType = wrapper.framework; includeInIndex = 0; path = Pods_WLCompoentViewDemoUITests.framework; sourceTree = BUILT_PRODUCTS_DIR; };
		1202D000A1F29FE105470403 /* Pods-WLCompoentViewDemo.release.xcconfig */ = {isa = PBXFileReference; includeInIndex = 1; lastKnownFileType = text.xcconfig; name = "Pods-WLCompoentViewDemo.release.xcconfig"; path = "Target Support Files/Pods-WLCompoentViewDemo/Pods-WLCompoentViewDemo.release.xcconfig"; sourceTree = "<group>"; };
		14536FB1FF20914B9EBE7983 /* Pods-WLCompoentViewDemo.debug.xcconfig */ = {isa = PBXFileReference; includeInIndex = 1; lastKnownFileType = text.xcconfig; name = "Pods-WLCompoentViewDemo.debug.xcconfig"; path = "Target Support Files/Pods-WLCompoentViewDemo/Pods-WLCompoentViewDemo.debug.xcconfig"; sourceTree = "<group>"; };
		6CADA5942265E191000A88ED /* WLCompoentViewDemo.app */ = {isa = PBXFileReference; explicitFileType = wrapper.application; includeInIndex = 0; path = WLCompoentViewDemo.app; sourceTree = BUILT_PRODUCTS_DIR; };
		6CADA5972265E191000A88ED /* AppDelegate.swift */ = {isa = PBXFileReference; lastKnownFileType = sourcecode.swift; path = AppDelegate.swift; sourceTree = "<group>"; };
		6CADA5992265E191000A88ED /* ViewController.swift */ = {isa = PBXFileReference; lastKnownFileType = sourcecode.swift; path = ViewController.swift; sourceTree = "<group>"; };
		6CADA59C2265E191000A88ED /* Base */ = {isa = PBXFileReference; lastKnownFileType = file.storyboard; name = Base; path = Base.lproj/Main.storyboard; sourceTree = "<group>"; };
		6CADA59E2265E192000A88ED /* Assets.xcassets */ = {isa = PBXFileReference; lastKnownFileType = folder.assetcatalog; path = Assets.xcassets; sourceTree = "<group>"; };
		6CADA5A12265E193000A88ED /* Base */ = {isa = PBXFileReference; lastKnownFileType = file.storyboard; name = Base; path = Base.lproj/LaunchScreen.storyboard; sourceTree = "<group>"; };
		6CADA5A32265E193000A88ED /* Info.plist */ = {isa = PBXFileReference; lastKnownFileType = text.plist.xml; path = Info.plist; sourceTree = "<group>"; };
		6CADA5A82265E193000A88ED /* WLCompoentViewDemoTests.xctest */ = {isa = PBXFileReference; explicitFileType = wrapper.cfbundle; includeInIndex = 0; path = WLCompoentViewDemoTests.xctest; sourceTree = BUILT_PRODUCTS_DIR; };
		6CADA5AC2265E193000A88ED /* WLCompoentViewDemoTests.swift */ = {isa = PBXFileReference; lastKnownFileType = sourcecode.swift; path = WLCompoentViewDemoTests.swift; sourceTree = "<group>"; };
		6CADA5AE2265E193000A88ED /* Info.plist */ = {isa = PBXFileReference; lastKnownFileType = text.plist.xml; path = Info.plist; sourceTree = "<group>"; };
		6CADA5B32265E193000A88ED /* WLCompoentViewDemoUITests.xctest */ = {isa = PBXFileReference; explicitFileType = wrapper.cfbundle; includeInIndex = 0; path = WLCompoentViewDemoUITests.xctest; sourceTree = BUILT_PRODUCTS_DIR; };
		6CADA5B72265E193000A88ED /* WLCompoentViewDemoUITests.swift */ = {isa = PBXFileReference; lastKnownFileType = sourcecode.swift; path = WLCompoentViewDemoUITests.swift; sourceTree = "<group>"; };
		6CADA5B92265E193000A88ED /* Info.plist */ = {isa = PBXFileReference; lastKnownFileType = text.plist.xml; path = Info.plist; sourceTree = "<group>"; };
		6CADA5C82265E1DD000A88ED /* WLDatePicker.swift */ = {isa = PBXFileReference; fileEncoding = 4; lastKnownFileType = sourcecode.swift; path = WLDatePicker.swift; sourceTree = "<group>"; };
		6CADA5CC2265E1DD000A88ED /* WLLeftTitleTextField.swift */ = {isa = PBXFileReference; fileEncoding = 4; lastKnownFileType = sourcecode.swift; path = WLLeftTitleTextField.swift; sourceTree = "<group>"; };
		6CADA5CE2265E1DD000A88ED /* WLLeftImageTextField.swift */ = {isa = PBXFileReference; fileEncoding = 4; lastKnownFileType = sourcecode.swift; path = WLLeftImageTextField.swift; sourceTree = "<group>"; };
		6CADA5D02265E1DD000A88ED /* UITextField+WL.swift */ = {isa = PBXFileReference; fileEncoding = 4; lastKnownFileType = sourcecode.swift; path = "UITextField+WL.swift"; sourceTree = "<group>"; };
		6CADA5D22265E1DD000A88ED /* WLBaseTextField.swift */ = {isa = PBXFileReference; fileEncoding = 4; lastKnownFileType = sourcecode.swift; path = WLBaseTextField.swift; sourceTree = "<group>"; };
		6CADA5DA2265E61C000A88ED /* WLPasswordTextFiled.swift */ = {isa = PBXFileReference; lastKnownFileType = sourcecode.swift; path = WLPasswordTextFiled.swift; sourceTree = "<group>"; };
		6CADA5DC2265E745000A88ED /* WLVCodeTextField.swift */ = {isa = PBXFileReference; lastKnownFileType = sourcecode.swift; path = WLVCodeTextField.swift; sourceTree = "<group>"; };
		B8333551BD8B5800005F1DF7 /* Pods_WLCompoentViewDemo.framework */ = {isa = PBXFileReference; explicitFileType = wrapper.framework; includeInIndex = 0; path = Pods_WLCompoentViewDemo.framework; sourceTree = BUILT_PRODUCTS_DIR; };
		CAA57E98C6574A9C4298F490 /* Pods_WLCompoentViewDemoTests.framework */ = {isa = PBXFileReference; explicitFileType = wrapper.framework; includeInIndex = 0; path = Pods_WLCompoentViewDemoTests.framework; sourceTree = BUILT_PRODUCTS_DIR; };
/* End PBXFileReference section */

/* Begin PBXFrameworksBuildPhase section */
		6CADA5912265E191000A88ED /* Frameworks */ = {
			isa = PBXFrameworksBuildPhase;
			buildActionMask = 2147483647;
			files = (
				6C2ADCB800E1AE75866D916C /* Pods_WLCompoentViewDemo.framework in Frameworks */,
			);
			runOnlyForDeploymentPostprocessing = 0;
		};
		6CADA5A52265E193000A88ED /* Frameworks */ = {
			isa = PBXFrameworksBuildPhase;
			buildActionMask = 2147483647;
			files = (
			);
			runOnlyForDeploymentPostprocessing = 0;
		};
		6CADA5B02265E193000A88ED /* Frameworks */ = {
			isa = PBXFrameworksBuildPhase;
			buildActionMask = 2147483647;
			files = (
			);
			runOnlyForDeploymentPostprocessing = 0;
		};
/* End PBXFrameworksBuildPhase section */

/* Begin PBXGroup section */
		1377432B9C744819B9E43956 /* Frameworks */ = {
			isa = PBXGroup;
			children = (
				B8333551BD8B5800005F1DF7 /* Pods_WLCompoentViewDemo.framework */,
				CAA57E98C6574A9C4298F490 /* Pods_WLCompoentViewDemoTests.framework */,
				09328814CD0108C33C754A31 /* Pods_WLCompoentViewDemoUITests.framework */,
			);
			name = Frameworks;
			sourceTree = "<group>";
		};
		2EA121F32AF57A181025F0BE /* Pods */ = {
			isa = PBXGroup;
			children = (
				14536FB1FF20914B9EBE7983 /* Pods-WLCompoentViewDemo.debug.xcconfig */,
				1202D000A1F29FE105470403 /* Pods-WLCompoentViewDemo.release.xcconfig */,
			);
			path = Pods;
			sourceTree = "<group>";
		};
		6CADA58B2265E191000A88ED = {
			isa = PBXGroup;
			children = (
				6CADA5962265E191000A88ED /* WLCompoentViewDemo */,
				6CADA5AB2265E193000A88ED /* WLCompoentViewDemoTests */,
				6CADA5B62265E193000A88ED /* WLCompoentViewDemoUITests */,
				6CADA5952265E191000A88ED /* Products */,
				2EA121F32AF57A181025F0BE /* Pods */,
				1377432B9C744819B9E43956 /* Frameworks */,
			);
			sourceTree = "<group>";
		};
		6CADA5952265E191000A88ED /* Products */ = {
			isa = PBXGroup;
			children = (
				6CADA5942265E191000A88ED /* WLCompoentViewDemo.app */,
				6CADA5A82265E193000A88ED /* WLCompoentViewDemoTests.xctest */,
				6CADA5B32265E193000A88ED /* WLCompoentViewDemoUITests.xctest */,
			);
			name = Products;
			sourceTree = "<group>";
		};
		6CADA5962265E191000A88ED /* WLCompoentViewDemo */ = {
			isa = PBXGroup;
			children = (
				6CADA5972265E191000A88ED /* AppDelegate.swift */,
				6CADA5C52265E1DD000A88ED /* Code */,
				6CADA5992265E191000A88ED /* ViewController.swift */,
				6CADA59B2265E191000A88ED /* Main.storyboard */,
				6CADA59E2265E192000A88ED /* Assets.xcassets */,
				6CADA5A02265E193000A88ED /* LaunchScreen.storyboard */,
				6CADA5A32265E193000A88ED /* Info.plist */,
			);
			path = WLCompoentViewDemo;
			sourceTree = "<group>";
		};
		6CADA5AB2265E193000A88ED /* WLCompoentViewDemoTests */ = {
			isa = PBXGroup;
			children = (
				6CADA5AC2265E193000A88ED /* WLCompoentViewDemoTests.swift */,
				6CADA5AE2265E193000A88ED /* Info.plist */,
			);
			path = WLCompoentViewDemoTests;
			sourceTree = "<group>";
		};
		6CADA5B62265E193000A88ED /* WLCompoentViewDemoUITests */ = {
			isa = PBXGroup;
			children = (
				6CADA5B72265E193000A88ED /* WLCompoentViewDemoUITests.swift */,
				6CADA5B92265E193000A88ED /* Info.plist */,
			);
			path = WLCompoentViewDemoUITests;
			sourceTree = "<group>";
		};
		6CADA5C52265E1DD000A88ED /* Code */ = {
			isa = PBXGroup;
			children = (
				6CADA5C62265E1DD000A88ED /* Picker */,
				6CADA5C92265E1DD000A88ED /* TV */,
				6CADA5CA2265E1DD000A88ED /* TF */,
			);
			name = Code;
			path = ../../Code;
			sourceTree = "<group>";
		};
		6CADA5C62265E1DD000A88ED /* Picker */ = {
			isa = PBXGroup;
			children = (
				6CADA5C72265E1DD000A88ED /* DatePicker */,
			);
			path = Picker;
			sourceTree = "<group>";
		};
		6CADA5C72265E1DD000A88ED /* DatePicker */ = {
			isa = PBXGroup;
			children = (
				6CADA5C82265E1DD000A88ED /* WLDatePicker.swift */,
			);
			path = DatePicker;
			sourceTree = "<group>";
		};
		6CADA5C92265E1DD000A88ED /* TV */ = {
			isa = PBXGroup;
			children = (
			);
			path = TV;
			sourceTree = "<group>";
		};
		6CADA5CA2265E1DD000A88ED /* TF */ = {
			isa = PBXGroup;
			children = (
				6CADA5D92265E5FF000A88ED /* Vcode */,
				6CADA5D82265E5F7000A88ED /* Password */,
				6CADA5CB2265E1DD000A88ED /* LeftTitle */,
				6CADA5CD2265E1DD000A88ED /* LeftImg */,
				6CADA5CF2265E1DD000A88ED /* Setting */,
				6CADA5D12265E1DD000A88ED /* Base */,
			);
			path = TF;
			sourceTree = "<group>";
		};
		6CADA5CB2265E1DD000A88ED /* LeftTitle */ = {
			isa = PBXGroup;
			children = (
				6CADA5CC2265E1DD000A88ED /* WLLeftTitleTextField.swift */,
			);
			path = LeftTitle;
			sourceTree = "<group>";
		};
		6CADA5CD2265E1DD000A88ED /* LeftImg */ = {
			isa = PBXGroup;
			children = (
				6CADA5CE2265E1DD000A88ED /* WLLeftImageTextField.swift */,
			);
			path = LeftImg;
			sourceTree = "<group>";
		};
		6CADA5CF2265E1DD000A88ED /* Setting */ = {
			isa = PBXGroup;
			children = (
				6CADA5D02265E1DD000A88ED /* UITextField+WL.swift */,
			);
			path = Setting;
			sourceTree = "<group>";
		};
		6CADA5D12265E1DD000A88ED /* Base */ = {
			isa = PBXGroup;
			children = (
				6CADA5D22265E1DD000A88ED /* WLBaseTextField.swift */,
			);
			path = Base;
			sourceTree = "<group>";
		};
		6CADA5D82265E5F7000A88ED /* Password */ = {
			isa = PBXGroup;
			children = (
				6CADA5DA2265E61C000A88ED /* WLPasswordTextFiled.swift */,
			);
			path = Password;
			sourceTree = "<group>";
		};
		6CADA5D92265E5FF000A88ED /* Vcode */ = {
			isa = PBXGroup;
			children = (
				6CADA5DC2265E745000A88ED /* WLVCodeTextField.swift */,
			);
			path = Vcode;
			sourceTree = "<group>";
		};
/* End PBXGroup section */

/* Begin PBXNativeTarget section */
		6CADA5932265E191000A88ED /* WLCompoentViewDemo */ = {
			isa = PBXNativeTarget;
			buildConfigurationList = 6CADA5BC2265E193000A88ED /* Build configuration list for PBXNativeTarget "WLCompoentViewDemo" */;
			buildPhases = (
				6DB2535D1D544ECD166560C9 /* [CP] Check Pods Manifest.lock */,
				6CADA5902265E191000A88ED /* Sources */,
				6CADA5912265E191000A88ED /* Frameworks */,
				6CADA5922265E191000A88ED /* Resources */,
				4C848BF7ACC86D2F96EBD84D /* [CP] Embed Pods Frameworks */,
			);
			buildRules = (
			);
			dependencies = (
			);
			name = WLCompoentViewDemo;
			productName = WLCompoentViewDemo;
			productReference = 6CADA5942265E191000A88ED /* WLCompoentViewDemo.app */;
			productType = "com.apple.product-type.application";
		};
		6CADA5A72265E193000A88ED /* WLCompoentViewDemoTests */ = {
			isa = PBXNativeTarget;
			buildConfigurationList = 6CADA5BF2265E193000A88ED /* Build configuration list for PBXNativeTarget "WLCompoentViewDemoTests" */;
			buildPhases = (
				6CADA5A42265E193000A88ED /* Sources */,
				6CADA5A52265E193000A88ED /* Frameworks */,
				6CADA5A62265E193000A88ED /* Resources */,
			);
			buildRules = (
			);
			dependencies = (
				6CADA5AA2265E193000A88ED /* PBXTargetDependency */,
			);
			name = WLCompoentViewDemoTests;
			productName = WLCompoentViewDemoTests;
			productReference = 6CADA5A82265E193000A88ED /* WLCompoentViewDemoTests.xctest */;
			productType = "com.apple.product-type.bundle.unit-test";
		};
		6CADA5B22265E193000A88ED /* WLCompoentViewDemoUITests */ = {
			isa = PBXNativeTarget;
			buildConfigurationList = 6CADA5C22265E193000A88ED /* Build configuration list for PBXNativeTarget "WLCompoentViewDemoUITests" */;
			buildPhases = (
				6CADA5AF2265E193000A88ED /* Sources */,
				6CADA5B02265E193000A88ED /* Frameworks */,
				6CADA5B12265E193000A88ED /* Resources */,
			);
			buildRules = (
			);
			dependencies = (
				6CADA5B52265E193000A88ED /* PBXTargetDependency */,
			);
			name = WLCompoentViewDemoUITests;
			productName = WLCompoentViewDemoUITests;
			productReference = 6CADA5B32265E193000A88ED /* WLCompoentViewDemoUITests.xctest */;
			productType = "com.apple.product-type.bundle.ui-testing";
		};
/* End PBXNativeTarget section */

/* Begin PBXProject section */
		6CADA58C2265E191000A88ED /* Project object */ = {
			isa = PBXProject;
			attributes = {
				LastSwiftUpdateCheck = 1020;
				LastUpgradeCheck = 1020;
				ORGANIZATIONNAME = "three stone 王";
				TargetAttributes = {
					6CADA5932265E191000A88ED = {
						CreatedOnToolsVersion = 10.2;
					};
					6CADA5A72265E193000A88ED = {
						CreatedOnToolsVersion = 10.2;
						TestTargetID = 6CADA5932265E191000A88ED;
					};
					6CADA5B22265E193000A88ED = {
						CreatedOnToolsVersion = 10.2;
						TestTargetID = 6CADA5932265E191000A88ED;
					};
				};
			};
			buildConfigurationList = 6CADA58F2265E191000A88ED /* Build configuration list for PBXProject "WLCompoentViewDemo" */;
			compatibilityVersion = "Xcode 9.3";
			developmentRegion = en;
			hasScannedForEncodings = 0;
			knownRegions = (
				en,
				Base,
			);
			mainGroup = 6CADA58B2265E191000A88ED;
			productRefGroup = 6CADA5952265E191000A88ED /* Products */;
			projectDirPath = "";
			projectRoot = "";
			targets = (
				6CADA5932265E191000A88ED /* WLCompoentViewDemo */,
				6CADA5A72265E193000A88ED /* WLCompoentViewDemoTests */,
				6CADA5B22265E193000A88ED /* WLCompoentViewDemoUITests */,
			);
		};
/* End PBXProject section */

/* Begin PBXResourcesBuildPhase section */
		6CADA5922265E191000A88ED /* Resources */ = {
			isa = PBXResourcesBuildPhase;
			buildActionMask = 2147483647;
			files = (
				6CADA5A22265E193000A88ED /* LaunchScreen.storyboard in Resources */,
				6CADA59F2265E192000A88ED /* Assets.xcassets in Resources */,
				6CADA59D2265E191000A88ED /* Main.storyboard in Resources */,
			);
			runOnlyForDeploymentPostprocessing = 0;
		};
		6CADA5A62265E193000A88ED /* Resources */ = {
			isa = PBXResourcesBuildPhase;
			buildActionMask = 2147483647;
			files = (
			);
			runOnlyForDeploymentPostprocessing = 0;
		};
		6CADA5B12265E193000A88ED /* Resources */ = {
			isa = PBXResourcesBuildPhase;
			buildActionMask = 2147483647;
			files = (
			);
			runOnlyForDeploymentPostprocessing = 0;
		};
/* End PBXResourcesBuildPhase section */

/* Begin PBXShellScriptBuildPhase section */
		4C848BF7ACC86D2F96EBD84D /* [CP] Embed Pods Frameworks */ = {
			isa = PBXShellScriptBuildPhase;
			buildActionMask = 2147483647;
			files = (
			);
			inputFileListPaths = (
				"${PODS_ROOT}/Target Support Files/Pods-WLCompoentViewDemo/Pods-WLCompoentViewDemo-frameworks-${CONFIGURATION}-input-files.xcfilelist",
			);
			name = "[CP] Embed Pods Frameworks";
			outputFileListPaths = (
				"${PODS_ROOT}/Target Support Files/Pods-WLCompoentViewDemo/Pods-WLCompoentViewDemo-frameworks-${CONFIGURATION}-output-files.xcfilelist",
			);
			runOnlyForDeploymentPostprocessing = 0;
			shellPath = /bin/sh;
			shellScript = "\"${PODS_ROOT}/Target Support Files/Pods-WLCompoentViewDemo/Pods-WLCompoentViewDemo-frameworks.sh\"\n";
			showEnvVarsInLog = 0;
		};
		6DB2535D1D544ECD166560C9 /* [CP] Check Pods Manifest.lock */ = {
			isa = PBXShellScriptBuildPhase;
			buildActionMask = 2147483647;
			files = (
			);
			inputFileListPaths = (
			);
			inputPaths = (
				"${PODS_PODFILE_DIR_PATH}/Podfile.lock",
				"${PODS_ROOT}/Manifest.lock",
			);
			name = "[CP] Check Pods Manifest.lock";
			outputFileListPaths = (
			);
			outputPaths = (
				"$(DERIVED_FILE_DIR)/Pods-WLCompoentViewDemo-checkManifestLockResult.txt",
			);
			runOnlyForDeploymentPostprocessing = 0;
			shellPath = /bin/sh;
			shellScript = "diff \"${PODS_PODFILE_DIR_PATH}/Podfile.lock\" \"${PODS_ROOT}/Manifest.lock\" > /dev/null\nif [ $? != 0 ] ; then\n    # print error to STDERR\n    echo \"error: The sandbox is not in sync with the Podfile.lock. Run 'pod install' or update your CocoaPods installation.\" >&2\n    exit 1\nfi\n# This output is used by Xcode 'outputs' to avoid re-running this script phase.\necho \"SUCCESS\" > \"${SCRIPT_OUTPUT_FILE_0}\"\n";
			showEnvVarsInLog = 0;
		};
/* End PBXShellScriptBuildPhase section */

/* Begin PBXSourcesBuildPhase section */
		6CADA5902265E191000A88ED /* Sources */ = {
			isa = PBXSourcesBuildPhase;
			buildActionMask = 2147483647;
			files = (
				6CADA5D72265E1DD000A88ED /* WLBaseTextField.swift in Sources */,
				6CADA59A2265E191000A88ED /* ViewController.swift in Sources */,
				6CADA5D32265E1DD000A88ED /* WLDatePicker.swift in Sources */,
				6CADA5DD2265E745000A88ED /* WLVCodeTextField.swift in Sources */,
				6CADA5DB2265E61C000A88ED /* WLPasswordTextFiled.swift in Sources */,
				6CADA5D62265E1DD000A88ED /* UITextField+WL.swift in Sources */,
				6CADA5D42265E1DD000A88ED /* WLLeftTitleTextField.swift in Sources */,
				6CADA5D52265E1DD000A88ED /* WLLeftImageTextField.swift in Sources */,
				6CADA5982265E191000A88ED /* AppDelegate.swift in Sources */,
			);
			runOnlyForDeploymentPostprocessing = 0;
		};
		6CADA5A42265E193000A88ED /* Sources */ = {
			isa = PBXSourcesBuildPhase;
			buildActionMask = 2147483647;
			files = (
				6CADA5AD2265E193000A88ED /* WLCompoentViewDemoTests.swift in Sources */,
			);
			runOnlyForDeploymentPostprocessing = 0;
		};
		6CADA5AF2265E193000A88ED /* Sources */ = {
			isa = PBXSourcesBuildPhase;
			buildActionMask = 2147483647;
			files = (
				6CADA5B82265E193000A88ED /* WLCompoentViewDemoUITests.swift in Sources */,
			);
			runOnlyForDeploymentPostprocessing = 0;
		};
/* End PBXSourcesBuildPhase section */

/* Begin PBXTargetDependency section */
		6CADA5AA2265E193000A88ED /* PBXTargetDependency */ = {
			isa = PBXTargetDependency;
			target = 6CADA5932265E191000A88ED /* WLCompoentViewDemo */;
			targetProxy = 6CADA5A92265E193000A88ED /* PBXContainerItemProxy */;
		};
		6CADA5B52265E193000A88ED /* PBXTargetDependency */ = {
			isa = PBXTargetDependency;
			target = 6CADA5932265E191000A88ED /* WLCompoentViewDemo */;
			targetProxy = 6CADA5B42265E193000A88ED /* PBXContainerItemProxy */;
		};
/* End PBXTargetDependency section */

/* Begin PBXVariantGroup section */
		6CADA59B2265E191000A88ED /* Main.storyboard */ = {
			isa = PBXVariantGroup;
			children = (
				6CADA59C2265E191000A88ED /* Base */,
			);
			name = Main.storyboard;
			sourceTree = "<group>";
		};
		6CADA5A02265E193000A88ED /* LaunchScreen.storyboard */ = {
			isa = PBXVariantGroup;
			children = (
				6CADA5A12265E193000A88ED /* Base */,
			);
			name = LaunchScreen.storyboard;
			sourceTree = "<group>";
		};
/* End PBXVariantGroup section */

/* Begin XCBuildConfiguration section */
		6CADA5BA2265E193000A88ED /* Debug */ = {
			isa = XCBuildConfiguration;
			buildSettings = {
				ALWAYS_SEARCH_USER_PATHS = NO;
				CLANG_ANALYZER_NONNULL = YES;
				CLANG_ANALYZER_NUMBER_OBJECT_CONVERSION = YES_AGGRESSIVE;
				CLANG_CXX_LANGUAGE_STANDARD = "gnu++14";
				CLANG_CXX_LIBRARY = "libc++";
				CLANG_ENABLE_MODULES = YES;
				CLANG_ENABLE_OBJC_ARC = YES;
				CLANG_ENABLE_OBJC_WEAK = YES;
				CLANG_WARN_BLOCK_CAPTURE_AUTORELEASING = YES;
				CLANG_WARN_BOOL_CONVERSION = YES;
				CLANG_WARN_COMMA = YES;
				CLANG_WARN_CONSTANT_CONVERSION = YES;
				CLANG_WARN_DEPRECATED_OBJC_IMPLEMENTATIONS = YES;
				CLANG_WARN_DIRECT_OBJC_ISA_USAGE = YES_ERROR;
				CLANG_WARN_DOCUMENTATION_COMMENTS = YES;
				CLANG_WARN_EMPTY_BODY = YES;
				CLANG_WARN_ENUM_CONVERSION = YES;
				CLANG_WARN_INFINITE_RECURSION = YES;
				CLANG_WARN_INT_CONVERSION = YES;
				CLANG_WARN_NON_LITERAL_NULL_CONVERSION = YES;
				CLANG_WARN_OBJC_IMPLICIT_RETAIN_SELF = YES;
				CLANG_WARN_OBJC_LITERAL_CONVERSION = YES;
				CLANG_WARN_OBJC_ROOT_CLASS = YES_ERROR;
				CLANG_WARN_RANGE_LOOP_ANALYSIS = YES;
				CLANG_WARN_STRICT_PROTOTYPES = YES;
				CLANG_WARN_SUSPICIOUS_MOVE = YES;
				CLANG_WARN_UNGUARDED_AVAILABILITY = YES_AGGRESSIVE;
				CLANG_WARN_UNREACHABLE_CODE = YES;
				CLANG_WARN__DUPLICATE_METHOD_MATCH = YES;
				CODE_SIGN_IDENTITY = "iPhone Developer";
				COPY_PHASE_STRIP = NO;
				DEBUG_INFORMATION_FORMAT = dwarf;
				ENABLE_STRICT_OBJC_MSGSEND = YES;
				ENABLE_TESTABILITY = YES;
				GCC_C_LANGUAGE_STANDARD = gnu11;
				GCC_DYNAMIC_NO_PIC = NO;
				GCC_NO_COMMON_BLOCKS = YES;
				GCC_OPTIMIZATION_LEVEL = 0;
				GCC_PREPROCESSOR_DEFINITIONS = (
					"DEBUG=1",
					"$(inherited)",
				);
				GCC_WARN_64_TO_32_BIT_CONVERSION = YES;
				GCC_WARN_ABOUT_RETURN_TYPE = YES_ERROR;
				GCC_WARN_UNDECLARED_SELECTOR = YES;
				GCC_WARN_UNINITIALIZED_AUTOS = YES_AGGRESSIVE;
				GCC_WARN_UNUSED_FUNCTION = YES;
				GCC_WARN_UNUSED_VARIABLE = YES;
				IPHONEOS_DEPLOYMENT_TARGET = 12.2;
				MTL_ENABLE_DEBUG_INFO = INCLUDE_SOURCE;
				MTL_FAST_MATH = YES;
				ONLY_ACTIVE_ARCH = YES;
				SDKROOT = iphoneos;
				SWIFT_ACTIVE_COMPILATION_CONDITIONS = DEBUG;
				SWIFT_OPTIMIZATION_LEVEL = "-Onone";
			};
			name = Debug;
		};
		6CADA5BB2265E193000A88ED /* Release */ = {
			isa = XCBuildConfiguration;
			buildSettings = {
				ALWAYS_SEARCH_USER_PATHS = NO;
				CLANG_ANALYZER_NONNULL = YES;
				CLANG_ANALYZER_NUMBER_OBJECT_CONVERSION = YES_AGGRESSIVE;
				CLANG_CXX_LANGUAGE_STANDARD = "gnu++14";
				CLANG_CXX_LIBRARY = "libc++";
				CLANG_ENABLE_MODULES = YES;
				CLANG_ENABLE_OBJC_ARC = YES;
				CLANG_ENABLE_OBJC_WEAK = YES;
				CLANG_WARN_BLOCK_CAPTURE_AUTORELEASING = YES;
				CLANG_WARN_BOOL_CONVERSION = YES;
				CLANG_WARN_COMMA = YES;
				CLANG_WARN_CONSTANT_CONVERSION = YES;
				CLANG_WARN_DEPRECATED_OBJC_IMPLEMENTATIONS = YES;
				CLANG_WARN_DIRECT_OBJC_ISA_USAGE = YES_ERROR;
				CLANG_WARN_DOCUMENTATION_COMMENTS = YES;
				CLANG_WARN_EMPTY_BODY = YES;
				CLANG_WARN_ENUM_CONVERSION = YES;
				CLANG_WARN_INFINITE_RECURSION = YES;
				CLANG_WARN_INT_CONVERSION = YES;
				CLANG_WARN_NON_LITERAL_NULL_CONVERSION = YES;
				CLANG_WARN_OBJC_IMPLICIT_RETAIN_SELF = YES;
				CLANG_WARN_OBJC_LITERAL_CONVERSION = YES;
				CLANG_WARN_OBJC_ROOT_CLASS = YES_ERROR;
				CLANG_WARN_RANGE_LOOP_ANALYSIS = YES;
				CLANG_WARN_STRICT_PROTOTYPES = YES;
				CLANG_WARN_SUSPICIOUS_MOVE = YES;
				CLANG_WARN_UNGUARDED_AVAILABILITY = YES_AGGRESSIVE;
				CLANG_WARN_UNREACHABLE_CODE = YES;
				CLANG_WARN__DUPLICATE_METHOD_MATCH = YES;
				CODE_SIGN_IDENTITY = "iPhone Developer";
				COPY_PHASE_STRIP = NO;
				DEBUG_INFORMATION_FORMAT = "dwarf-with-dsym";
				ENABLE_NS_ASSERTIONS = NO;
				ENABLE_STRICT_OBJC_MSGSEND = YES;
				GCC_C_LANGUAGE_STANDARD = gnu11;
				GCC_NO_COMMON_BLOCKS = YES;
				GCC_WARN_64_TO_32_BIT_CONVERSION = YES;
				GCC_WARN_ABOUT_RETURN_TYPE = YES_ERROR;
				GCC_WARN_UNDECLARED_SELECTOR = YES;
				GCC_WARN_UNINITIALIZED_AUTOS = YES_AGGRESSIVE;
				GCC_WARN_UNUSED_FUNCTION = YES;
				GCC_WARN_UNUSED_VARIABLE = YES;
				IPHONEOS_DEPLOYMENT_TARGET = 12.2;
				MTL_ENABLE_DEBUG_INFO = NO;
				MTL_FAST_MATH = YES;
				SDKROOT = iphoneos;
				SWIFT_COMPILATION_MODE = wholemodule;
				SWIFT_OPTIMIZATION_LEVEL = "-O";
				VALIDATE_PRODUCT = YES;
			};
			name = Release;
		};
		6CADA5BD2265E193000A88ED /* Debug */ = {
			isa = XCBuildConfiguration;
			baseConfigurationReference = 14536FB1FF20914B9EBE7983 /* Pods-WLCompoentViewDemo.debug.xcconfig */;
			buildSettings = {
				ASSETCATALOG_COMPILER_APPICON_NAME = AppIcon;
				CODE_SIGN_STYLE = Automatic;
				INFOPLIST_FILE = WLCompoentViewDemo/Info.plist;
				LD_RUNPATH_SEARCH_PATHS = (
					"$(inherited)",
					"@executable_path/Frameworks",
				);
				PRODUCT_BUNDLE_IDENTIFIER = com.ssht.dttc.WLCompoentViewDemo;
				PRODUCT_NAME = "$(TARGET_NAME)";
				SWIFT_VERSION = 5.0;
				TARGETED_DEVICE_FAMILY = "1,2";
			};
			name = Debug;
		};
		6CADA5BE2265E193000A88ED /* Release */ = {
			isa = XCBuildConfiguration;
			baseConfigurationReference = 1202D000A1F29FE105470403 /* Pods-WLCompoentViewDemo.release.xcconfig */;
			buildSettings = {
				ASSETCATALOG_COMPILER_APPICON_NAME = AppIcon;
				CODE_SIGN_STYLE = Automatic;
				INFOPLIST_FILE = WLCompoentViewDemo/Info.plist;
				LD_RUNPATH_SEARCH_PATHS = (
					"$(inherited)",
					"@executable_path/Frameworks",
				);
				PRODUCT_BUNDLE_IDENTIFIER = com.ssht.dttc.WLCompoentViewDemo;
				PRODUCT_NAME = "$(TARGET_NAME)";
				SWIFT_VERSION = 5.0;
				TARGETED_DEVICE_FAMILY = "1,2";
			};
			name = Release;
		};
		6CADA5C02265E193000A88ED /* Debug */ = {
			isa = XCBuildConfiguration;
			buildSettings = {
				ALWAYS_EMBED_SWIFT_STANDARD_LIBRARIES = YES;
				BUNDLE_LOADER = "$(TEST_HOST)";
				CODE_SIGN_STYLE = Automatic;
				INFOPLIST_FILE = WLCompoentViewDemoTests/Info.plist;
				LD_RUNPATH_SEARCH_PATHS = (
					"$(inherited)",
					"@executable_path/Frameworks",
					"@loader_path/Frameworks",
				);
				PRODUCT_BUNDLE_IDENTIFIER = com.ssht.dttc.WLCompoentViewDemoTests;
				PRODUCT_NAME = "$(TARGET_NAME)";
				SWIFT_VERSION = 5.0;
				TARGETED_DEVICE_FAMILY = "1,2";
				TEST_HOST = "$(BUILT_PRODUCTS_DIR)/WLCompoentViewDemo.app/WLCompoentViewDemo";
			};
			name = Debug;
		};
		6CADA5C12265E193000A88ED /* Release */ = {
			isa = XCBuildConfiguration;
			buildSettings = {
				ALWAYS_EMBED_SWIFT_STANDARD_LIBRARIES = YES;
				BUNDLE_LOADER = "$(TEST_HOST)";
				CODE_SIGN_STYLE = Automatic;
				INFOPLIST_FILE = WLCompoentViewDemoTests/Info.plist;
				LD_RUNPATH_SEARCH_PATHS = (
					"$(inherited)",
					"@executable_path/Frameworks",
					"@loader_path/Frameworks",
				);
				PRODUCT_BUNDLE_IDENTIFIER = com.ssht.dttc.WLCompoentViewDemoTests;
				PRODUCT_NAME = "$(TARGET_NAME)";
				SWIFT_VERSION = 5.0;
				TARGETED_DEVICE_FAMILY = "1,2";
				TEST_HOST = "$(BUILT_PRODUCTS_DIR)/WLCompoentViewDemo.app/WLCompoentViewDemo";
			};
			name = Release;
		};
		6CADA5C32265E193000A88ED /* Debug */ = {
			isa = XCBuildConfiguration;
			buildSettings = {
				ALWAYS_EMBED_SWIFT_STANDARD_LIBRARIES = YES;
				CODE_SIGN_STYLE = Automatic;
				INFOPLIST_FILE = WLCompoentViewDemoUITests/Info.plist;
				LD_RUNPATH_SEARCH_PATHS = (
					"$(inherited)",
					"@executable_path/Frameworks",
					"@loader_path/Frameworks",
				);
				PRODUCT_BUNDLE_IDENTIFIER = com.ssht.dttc.WLCompoentViewDemoUITests;
				PRODUCT_NAME = "$(TARGET_NAME)";
				SWIFT_VERSION = 5.0;
				TARGETED_DEVICE_FAMILY = "1,2";
				TEST_TARGET_NAME = WLCompoentViewDemo;
			};
			name = Debug;
		};
		6CADA5C42265E193000A88ED /* Release */ = {
			isa = XCBuildConfiguration;
			buildSettings = {
				ALWAYS_EMBED_SWIFT_STANDARD_LIBRARIES = YES;
				CODE_SIGN_STYLE = Automatic;
				INFOPLIST_FILE = WLCompoentViewDemoUITests/Info.plist;
				LD_RUNPATH_SEARCH_PATHS = (
					"$(inherited)",
					"@executable_path/Frameworks",
					"@loader_path/Frameworks",
				);
				PRODUCT_BUNDLE_IDENTIFIER = com.ssht.dttc.WLCompoentViewDemoUITests;
				PRODUCT_NAME = "$(TARGET_NAME)";
				SWIFT_VERSION = 5.0;
				TARGETED_DEVICE_FAMILY = "1,2";
				TEST_TARGET_NAME = WLCompoentViewDemo;
			};
			name = Release;
		};
/* End XCBuildConfiguration section */

/* Begin XCConfigurationList section */
		6CADA58F2265E191000A88ED /* Build configuration list for PBXProject "WLCompoentViewDemo" */ = {
			isa = XCConfigurationList;
			buildConfigurations = (
				6CADA5BA2265E193000A88ED /* Debug */,
				6CADA5BB2265E193000A88ED /* Release */,
			);
			defaultConfigurationIsVisible = 0;
			defaultConfigurationName = Release;
		};
		6CADA5BC2265E193000A88ED /* Build configuration list for PBXNativeTarget "WLCompoentViewDemo" */ = {
			isa = XCConfigurationList;
			buildConfigurations = (
				6CADA5BD2265E193000A88ED /* Debug */,
				6CADA5BE2265E193000A88ED /* Release */,
			);
			defaultConfigurationIsVisible = 0;
			defaultConfigurationName = Release;
		};
		6CADA5BF2265E193000A88ED /* Build configuration list for PBXNativeTarget "WLCompoentViewDemoTests" */ = {
			isa = XCConfigurationList;
			buildConfigurations = (
				6CADA5C02265E193000A88ED /* Debug */,
				6CADA5C12265E193000A88ED /* Release */,
			);
			defaultConfigurationIsVisible = 0;
			defaultConfigurationName = Release;
		};
		6CADA5C22265E193000A88ED /* Build configuration list for PBXNativeTarget "WLCompoentViewDemoUITests" */ = {
			isa = XCConfigurationList;
			buildConfigurations = (
				6CADA5C32265E193000A88ED /* Debug */,
				6CADA5C42265E193000A88ED /* Release */,
			);
			defaultConfigurationIsVisible = 0;
			defaultConfigurationName = Release;
		};
/* End XCConfigurationList section */
	};
	rootObject = 6CADA58C2265E191000A88ED /* Project object */;
}
