// !$*UTF8*$!
{
	archiveVersion = 1;
	classes = {
	};
	objectVersion = 50;
	objects = {

/* Begin PBXBuildFile section */
		6199F1849A72B967E24E4270 /* Pods_WLComponentViewPodspecEdit.framework in Frameworks */ = {isa = PBXBuildFile; fileRef = 526E7FA909FE87B2D57AC7E1 /* Pods_WLComponentViewPodspecEdit.framework */; };
		6CADA30A22655D6D000A88ED /* main.swift in Sources */ = {isa = PBXBuildFile; fileRef = 6CADA30922655D6D000A88ED /* main.swift */; };
/* End PBXBuildFile section */

/* Begin PBXCopyFilesBuildPhase section */
		6CADA30422655D6D000A88ED /* CopyFiles */ = {
			isa = PBXCopyFilesBuildPhase;
			buildActionMask = 2147483647;
			dstPath = /usr/share/man/man1/;
			dstSubfolderSpec = 0;
			files = (
			);
			runOnlyForDeploymentPostprocessing = 1;
		};
/* End PBXCopyFilesBuildPhase section */

/* Begin PBXFileReference section */
		150A5754E92E99787A857419 /* Pods-WLComponentViewPodspecEdit.release.xcconfig */ = {isa = PBXFileReference; includeInIndex = 1; lastKnownFileType = text.xcconfig; name = "Pods-WLComponentViewPodspecEdit.release.xcconfig"; path = "Target Support Files/Pods-WLComponentViewPodspecEdit/Pods-WLComponentViewPodspecEdit.release.xcconfig"; sourceTree = "<group>"; };
		4F66E04850A8503F57F4242A /* Pods-WLComponentViewPodspecEdit.debug.xcconfig */ = {isa = PBXFileReference; includeInIndex = 1; lastKnownFileType = text.xcconfig; name = "Pods-WLComponentViewPodspecEdit.debug.xcconfig"; path = "Target Support Files/Pods-WLComponentViewPodspecEdit/Pods-WLComponentViewPodspecEdit.debug.xcconfig"; sourceTree = "<group>"; };
		526E7FA909FE87B2D57AC7E1 /* Pods_WLComponentViewPodspecEdit.framework */ = {isa = PBXFileReference; explicitFileType = wrapper.framework; includeInIndex = 0; path = Pods_WLComponentViewPodspecEdit.framework; sourceTree = BUILT_PRODUCTS_DIR; };
		6CADA30622655D6D000A88ED /* WLComponentViewPodspecEdit */ = {isa = PBXFileReference; explicitFileType = "compiled.mach-o.executable"; includeInIndex = 0; path = WLComponentViewPodspecEdit; sourceTree = BUILT_PRODUCTS_DIR; };
		6CADA30922655D6D000A88ED /* main.swift */ = {isa = PBXFileReference; lastKnownFileType = sourcecode.swift; path = main.swift; sourceTree = "<group>"; };
/* End PBXFileReference section */

/* Begin PBXFrameworksBuildPhase section */
		6CADA30322655D6D000A88ED /* Frameworks */ = {
			isa = PBXFrameworksBuildPhase;
			buildActionMask = 2147483647;
			files = (
				6199F1849A72B967E24E4270 /* Pods_WLComponentViewPodspecEdit.framework in Frameworks */,
			);
			runOnlyForDeploymentPostprocessing = 0;
		};
/* End PBXFrameworksBuildPhase section */

/* Begin PBXGroup section */
		30E7F81A1E1326B128C22668 /* Pods */ = {
			isa = PBXGroup;
			children = (
				4F66E04850A8503F57F4242A /* Pods-WLComponentViewPodspecEdit.debug.xcconfig */,
				150A5754E92E99787A857419 /* Pods-WLComponentViewPodspecEdit.release.xcconfig */,
			);
			name = Pods;
			path = Pods;
			sourceTree = "<group>";
		};
		5E1A9FCE9BE79050F7934545 /* Frameworks */ = {
			isa = PBXGroup;
			children = (
				526E7FA909FE87B2D57AC7E1 /* Pods_WLComponentViewPodspecEdit.framework */,
			);
			name = Frameworks;
			sourceTree = "<group>";
		};
		6CADA2FD22655D6D000A88ED = {
			isa = PBXGroup;
			children = (
				6CADA30822655D6D000A88ED /* WLComponentViewPodspecEdit */,
				6CADA30722655D6D000A88ED /* Products */,
				30E7F81A1E1326B128C22668 /* Pods */,
				5E1A9FCE9BE79050F7934545 /* Frameworks */,
			);
			sourceTree = "<group>";
		};
		6CADA30722655D6D000A88ED /* Products */ = {
			isa = PBXGroup;
			children = (
				6CADA30622655D6D000A88ED /* WLComponentViewPodspecEdit */,
			);
			name = Products;
			sourceTree = "<group>";
		};
		6CADA30822655D6D000A88ED /* WLComponentViewPodspecEdit */ = {
			isa = PBXGroup;
			children = (
				6CADA30922655D6D000A88ED /* main.swift */,
			);
			path = WLComponentViewPodspecEdit;
			sourceTree = "<group>";
		};
/* End PBXGroup section */

/* Begin PBXNativeTarget section */
		6CADA30522655D6D000A88ED /* WLComponentViewPodspecEdit */ = {
			isa = PBXNativeTarget;
			buildConfigurationList = 6CADA30D22655D6D000A88ED /* Build configuration list for PBXNativeTarget "WLComponentViewPodspecEdit" */;
			buildPhases = (
				D26E6D42333CB17BEAD310BD /* [CP] Check Pods Manifest.lock */,
				6CADA30222655D6D000A88ED /* Sources */,
				6CADA30322655D6D000A88ED /* Frameworks */,
				6CADA30422655D6D000A88ED /* CopyFiles */,
			);
			buildRules = (
			);
			dependencies = (
			);
			name = WLComponentViewPodspecEdit;
			productName = WLComponentViewPodspecEdit;
			productReference = 6CADA30622655D6D000A88ED /* WLComponentViewPodspecEdit */;
			productType = "com.apple.product-type.tool";
		};
/* End PBXNativeTarget section */

/* Begin PBXProject section */
		6CADA2FE22655D6D000A88ED /* Project object */ = {
			isa = PBXProject;
			attributes = {
				LastSwiftUpdateCheck = 1020;
				LastUpgradeCheck = 1020;
				ORGANIZATIONNAME = "three stone 王";
				TargetAttributes = {
					6CADA30522655D6D000A88ED = {
						CreatedOnToolsVersion = 10.2;
					};
				};
			};
			buildConfigurationList = 6CADA30122655D6D000A88ED /* Build configuration list for PBXProject "WLComponentViewPodspecEdit" */;
			compatibilityVersion = "Xcode 9.3";
			developmentRegion = en;
			hasScannedForEncodings = 0;
			knownRegions = (
				en,
			);
			mainGroup = 6CADA2FD22655D6D000A88ED;
			productRefGroup = 6CADA30722655D6D000A88ED /* Products */;
			projectDirPath = "";
			projectRoot = "";
			targets = (
				6CADA30522655D6D000A88ED /* WLComponentViewPodspecEdit */,
			);
		};
/* End PBXProject section */

/* Begin PBXShellScriptBuildPhase section */
		D26E6D42333CB17BEAD310BD /* [CP] Check Pods Manifest.lock */ = {
			isa = PBXShellScriptBuildPhase;
			buildActionMask = 2147483647;
			files = (
			);
			inputFileListPaths = (
			);
			inputPaths = (
				"${PODS_PODFILE_DIR_PATH}/Podfile.lock",
				"${PODS_ROOT}/Manifest.lock",
			);
			name = "[CP] Check Pods Manifest.lock";
			outputFileListPaths = (
			);
			outputPaths = (
				"$(DERIVED_FILE_DIR)/Pods-WLComponentViewPodspecEdit-checkManifestLockResult.txt",
			);
			runOnlyForDeploymentPostprocessing = 0;
			shellPath = /bin/sh;
			shellScript = "diff \"${PODS_PODFILE_DIR_PATH}/Podfile.lock\" \"${PODS_ROOT}/Manifest.lock\" > /dev/null\nif [ $? != 0 ] ; then\n    # print error to STDERR\n    echo \"error: The sandbox is not in sync with the Podfile.lock. Run 'pod install' or update your CocoaPods installation.\" >&2\n    exit 1\nfi\n# This output is used by Xcode 'outputs' to avoid re-running this script phase.\necho \"SUCCESS\" > \"${SCRIPT_OUTPUT_FILE_0}\"\n";
			showEnvVarsInLog = 0;
		};
/* End PBXShellScriptBuildPhase section */

/* Begin PBXSourcesBuildPhase section */
		6CADA30222655D6D000A88ED /* Sources */ = {
			isa = PBXSourcesBuildPhase;
			buildActionMask = 2147483647;
			files = (
				6CADA30A22655D6D000A88ED /* main.swift in Sources */,
			);
			runOnlyForDeploymentPostprocessing = 0;
		};
/* End PBXSourcesBuildPhase section */

/* Begin XCBuildConfiguration section */
		6CADA30B22655D6D000A88ED /* Debug */ = {
			isa = XCBuildConfiguration;
			buildSettings = {
				ALWAYS_SEARCH_USER_PATHS = NO;
				CLANG_ANALYZER_NONNULL = YES;
				CLANG_ANALYZER_NUMBER_OBJECT_CONVERSION = YES_AGGRESSIVE;
				CLANG_CXX_LANGUAGE_STANDARD = "gnu++14";
				CLANG_CXX_LIBRARY = "libc++";
				CLANG_ENABLE_MODULES = YES;
				CLANG_ENABLE_OBJC_ARC = YES;
				CLANG_ENABLE_OBJC_WEAK = YES;
				CLANG_WARN_BLOCK_CAPTURE_AUTORELEASING = YES;
				CLANG_WARN_BOOL_CONVERSION = YES;
				CLANG_WARN_COMMA = YES;
				CLANG_WARN_CONSTANT_CONVERSION = YES;
				CLANG_WARN_DEPRECATED_OBJC_IMPLEMENTATIONS = YES;
				CLANG_WARN_DIRECT_OBJC_ISA_USAGE = YES_ERROR;
				CLANG_WARN_DOCUMENTATION_COMMENTS = YES;
				CLANG_WARN_EMPTY_BODY = YES;
				CLANG_WARN_ENUM_CONVERSION = YES;
				CLANG_WARN_INFINITE_RECURSION = YES;
				CLANG_WARN_INT_CONVERSION = YES;
				CLANG_WARN_NON_LITERAL_NULL_CONVERSION = YES;
				CLANG_WARN_OBJC_IMPLICIT_RETAIN_SELF = YES;
				CLANG_WARN_OBJC_LITERAL_CONVERSION = YES;
				CLANG_WARN_OBJC_ROOT_CLASS = YES_ERROR;
				CLANG_WARN_RANGE_LOOP_ANALYSIS = YES;
				CLANG_WARN_STRICT_PROTOTYPES = YES;
				CLANG_WARN_SUSPICIOUS_MOVE = YES;
				CLANG_WARN_UNGUARDED_AVAILABILITY = YES_AGGRESSIVE;
				CLANG_WARN_UNREACHABLE_CODE = YES;
				CLANG_WARN__DUPLICATE_METHOD_MATCH = YES;
				CODE_SIGN_IDENTITY = "-";
				COPY_PHASE_STRIP = NO;
				DEBUG_INFORMATION_FORMAT = dwarf;
				ENABLE_STRICT_OBJC_MSGSEND = YES;
				ENABLE_TESTABILITY = YES;
				GCC_C_LANGUAGE_STANDARD = gnu11;
				GCC_DYNAMIC_NO_PIC = NO;
				GCC_NO_COMMON_BLOCKS = YES;
				GCC_OPTIMIZATION_LEVEL = 0;
				GCC_PREPROCESSOR_DEFINITIONS = (
					"DEBUG=1",
					"$(inherited)",
				);
				GCC_WARN_64_TO_32_BIT_CONVERSION = YES;
				GCC_WARN_ABOUT_RETURN_TYPE = YES_ERROR;
				GCC_WARN_UNDECLARED_SELECTOR = YES;
				GCC_WARN_UNINITIALIZED_AUTOS = YES_AGGRESSIVE;
				GCC_WARN_UNUSED_FUNCTION = YES;
				GCC_WARN_UNUSED_VARIABLE = YES;
				MACOSX_DEPLOYMENT_TARGET = 10.14;
				MTL_ENABLE_DEBUG_INFO = INCLUDE_SOURCE;
				MTL_FAST_MATH = YES;
				ONLY_ACTIVE_ARCH = YES;
				SDKROOT = macosx;
				SWIFT_ACTIVE_COMPILATION_CONDITIONS = DEBUG;
				SWIFT_OPTIMIZATION_LEVEL = "-Onone";
			};
			name = Debug;
		};
		6CADA30C22655D6D000A88ED /* Release */ = {
			isa = XCBuildConfiguration;
			buildSettings = {
				ALWAYS_SEARCH_USER_PATHS = NO;
				CLANG_ANALYZER_NONNULL = YES;
				CLANG_ANALYZER_NUMBER_OBJECT_CONVERSION = YES_AGGRESSIVE;
				CLANG_CXX_LANGUAGE_STANDARD = "gnu++14";
				CLANG_CXX_LIBRARY = "libc++";
				CLANG_ENABLE_MODULES = YES;
				CLANG_ENABLE_OBJC_ARC = YES;
				CLANG_ENABLE_OBJC_WEAK = YES;
				CLANG_WARN_BLOCK_CAPTURE_AUTORELEASING = YES;
				CLANG_WARN_BOOL_CONVERSION = YES;
				CLANG_WARN_COMMA = YES;
				CLANG_WARN_CONSTANT_CONVERSION = YES;
				CLANG_WARN_DEPRECATED_OBJC_IMPLEMENTATIONS = YES;
				CLANG_WARN_DIRECT_OBJC_ISA_USAGE = YES_ERROR;
				CLANG_WARN_DOCUMENTATION_COMMENTS = YES;
				CLANG_WARN_EMPTY_BODY = YES;
				CLANG_WARN_ENUM_CONVERSION = YES;
				CLANG_WARN_INFINITE_RECURSION = YES;
				CLANG_WARN_INT_CONVERSION = YES;
				CLANG_WARN_NON_LITERAL_NULL_CONVERSION = YES;
				CLANG_WARN_OBJC_IMPLICIT_RETAIN_SELF = YES;
				CLANG_WARN_OBJC_LITERAL_CONVERSION = YES;
				CLANG_WARN_OBJC_ROOT_CLASS = YES_ERROR;
				CLANG_WARN_RANGE_LOOP_ANALYSIS = YES;
				CLANG_WARN_STRICT_PROTOTYPES = YES;
				CLANG_WARN_SUSPICIOUS_MOVE = YES;
				CLANG_WARN_UNGUARDED_AVAILABILITY = YES_AGGRESSIVE;
				CLANG_WARN_UNREACHABLE_CODE = YES;
				CLANG_WARN__DUPLICATE_METHOD_MATCH = YES;
				CODE_SIGN_IDENTITY = "-";
				COPY_PHASE_STRIP = NO;
				DEBUG_INFORMATION_FORMAT = "dwarf-with-dsym";
				ENABLE_NS_ASSERTIONS = NO;
				ENABLE_STRICT_OBJC_MSGSEND = YES;
				GCC_C_LANGUAGE_STANDARD = gnu11;
				GCC_NO_COMMON_BLOCKS = YES;
				GCC_WARN_64_TO_32_BIT_CONVERSION = YES;
				GCC_WARN_ABOUT_RETURN_TYPE = YES_ERROR;
				GCC_WARN_UNDECLARED_SELECTOR = YES;
				GCC_WARN_UNINITIALIZED_AUTOS = YES_AGGRESSIVE;
				GCC_WARN_UNUSED_FUNCTION = YES;
				GCC_WARN_UNUSED_VARIABLE = YES;
				MACOSX_DEPLOYMENT_TARGET = 10.14;
				MTL_ENABLE_DEBUG_INFO = NO;
				MTL_FAST_MATH = YES;
				SDKROOT = macosx;
				SWIFT_COMPILATION_MODE = wholemodule;
				SWIFT_OPTIMIZATION_LEVEL = "-O";
			};
			name = Release;
		};
		6CADA30E22655D6D000A88ED /* Debug */ = {
			isa = XCBuildConfiguration;
			baseConfigurationReference = 4F66E04850A8503F57F4242A /* Pods-WLComponentViewPodspecEdit.debug.xcconfig */;
			buildSettings = {
				CODE_SIGN_STYLE = Automatic;
				PRODUCT_NAME = "$(TARGET_NAME)";
				SWIFT_VERSION = 5.0;
			};
			name = Debug;
		};
		6CADA30F22655D6D000A88ED /* Release */ = {
			isa = XCBuildConfiguration;
			baseConfigurationReference = 150A5754E92E99787A857419 /* Pods-WLComponentViewPodspecEdit.release.xcconfig */;
			buildSettings = {
				CODE_SIGN_STYLE = Automatic;
				PRODUCT_NAME = "$(TARGET_NAME)";
				SWIFT_VERSION = 5.0;
			};
			name = Release;
		};
/* End XCBuildConfiguration section */

/* Begin XCConfigurationList section */
		6CADA30122655D6D000A88ED /* Build configuration list for PBXProject "WLComponentViewPodspecEdit" */ = {
			isa = XCConfigurationList;
			buildConfigurations = (
				6CADA30B22655D6D000A88ED /* Debug */,
				6CADA30C22655D6D000A88ED /* Release */,
			);
			defaultConfigurationIsVisible = 0;
			defaultConfigurationName = Release;
		};
		6CADA30D22655D6D000A88ED /* Build configuration list for PBXNativeTarget "WLComponentViewPodspecEdit" */ = {
			isa = XCConfigurationList;
			buildConfigurations = (
				6CADA30E22655D6D000A88ED /* Debug */,
				6CADA30F22655D6D000A88ED /* Release */,
			);
			defaultConfigurationIsVisible = 0;
			defaultConfigurationName = Release;
		};
/* End XCConfigurationList section */
	};
	rootObject = 6CADA2FE22655D6D000A88ED /* Project object */;
}
